
Microsoft Visual Studio Solution File, Format Version 12.00
# Visual Studio 15
VisualStudioVersion = 15.0.26730.16
MinimumVisualStudioVersion = 10.0.40219.1
Project("{FAE04EC0-301F-11D3-BF4B-00C04F79EFBC}") = "Vidly.Web", "Vidly.Web\Vidly.Web.csproj", "{4EFFCCCA-0EF1-448A-AE90-984A6932ECCD}"
EndProject
Global
	GlobalSection(SolutionConfigurationPlatforms) = preSolution
		Debug|Any CPU = Debug|Any CPU
		Release|Any CPU = Release|Any CPU
	EndGlobalSection
	GlobalSection(ProjectConfigurationPlatforms) = postSolution
		{4EFFCCCA-0EF1-448A-AE90-984A6932ECCD}.Debug|Any CPU.ActiveCfg = Debug|Any CPU
		{4EFFCCCA-0EF1-448A-AE90-984A6932ECCD}.Debug|Any CPU.Build.0 = Debug|Any CPU
		{4EFFCCCA-0EF1-448A-AE90-984A6932ECCD}.Release|Any CPU.ActiveCfg = Release|Any CPU
		{4EFFCCCA-0EF1-448A-AE90-984A6932ECCD}.Release|Any CPU.Build.0 = Release|Any CPU
	EndGlobalSection
	GlobalSection(SolutionProperties) = preSolution
		HideSolutionNode = FALSE
	EndGlobalSection
	GlobalSection(ExtensibilityGlobals) = postSolution
		SolutionGuid = {F2DDD249-A6E3-48EA-9AE6-511D33D817A9}
	EndGlobalSection
EndGlobal
